
Microsoft Visual Studio Solution File, Format Version 12.00
Project("{2150E333-8FDC-42A3-9474-1A3956D46DE8}") = "Src", "Src", "{9841AA8C-2DB6-4CC9-BB16-FDF127ED88C8}"
EndProject
Project("{2150E333-8FDC-42A3-9474-1A3956D46DE8}") = "Common", "Common", "{5A1D8EAB-7BB2-4B6F-BEC3-6FA2922D3373}"
EndProject
Project("{2150E333-8FDC-42A3-9474-1A3956D46DE8}") = "Core", "Core", "{8C154A91-B499-46E4-81B7-940969042642}"
EndProject
Project("{2150E333-8FDC-42A3-9474-1A3956D46DE8}") = "Infrastructure", "Infrastructure", "{30BBAA0F-A984-4CA2-9B61-F1251E943A5E}"
EndProject
Project("{2150E333-8FDC-42A3-9474-1A3956D46DE8}") = "Presentation", "Presentation", "{E0CA9BC7-E42B-49C4-BAE4-C669D88F3203}"
EndProject
Project("{FAE04EC0-301F-11D3-BF4B-00C04F79EFBC}") = "LocalAppBackend.Common", "LocalAppBackend.Common\LocalAppBackend.Common.csproj", "{31B7E70C-B576-419D-BD00-35FE1BE55988}"
EndProject
Project("{FAE04EC0-301F-11D3-BF4B-00C04F79EFBC}") = "LocalAppBackend.Domain", "LocalAppBackend.Domain\LocalAppBackend.Domain.csproj", "{1D0489D2-9A7C-49A2-A9FA-22D6E717885A}"
EndProject
Project("{FAE04EC0-301F-11D3-BF4B-00C04F79EFBC}") = "LocalAppBackend.Application", "LocalAppBackend.Application\LocalAppBackend.Application.csproj", "{477EF230-B7B2-46A7-BCA6-AAF8A56849E7}"
EndProject
Project("{FAE04EC0-301F-11D3-BF4B-00C04F79EFBC}") = "LocalAppBackend.Infrastructure", "LocalAppBackend.Infrastructure\LocalAppBackend.Infrastructure.csproj", "{B7AF1D0B-F7B8-465A-B5F5-9A90FE97F60A}"
EndProject
Project("{FAE04EC0-301F-11D3-BF4B-00C04F79EFBC}") = "LocalAppBackend.Persistence", "LocalAppBackend.Persistence\LocalAppBackend.Persistence.csproj", "{0C9DF516-C442-4616-B677-7FB72489329A}"
EndProject
Project("{FAE04EC0-301F-11D3-BF4B-00C04F79EFBC}") = "LocalAppBackend.API", "LocalAppBackend.API\LocalAppBackend.API.csproj", "{9E6BA995-D25E-424E-B0A0-482DB2978EC5}"
EndProject
Global
	GlobalSection(SolutionConfigurationPlatforms) = preSolution
		Debug|Any CPU = Debug|Any CPU
		Release|Any CPU = Release|Any CPU
	EndGlobalSection
	GlobalSection(NestedProjects) = preSolution
		{5A1D8EAB-7BB2-4B6F-BEC3-6FA2922D3373} = {9841AA8C-2DB6-4CC9-BB16-FDF127ED88C8}
		{8C154A91-B499-46E4-81B7-940969042642} = {9841AA8C-2DB6-4CC9-BB16-FDF127ED88C8}
		{30BBAA0F-A984-4CA2-9B61-F1251E943A5E} = {9841AA8C-2DB6-4CC9-BB16-FDF127ED88C8}
		{E0CA9BC7-E42B-49C4-BAE4-C669D88F3203} = {9841AA8C-2DB6-4CC9-BB16-FDF127ED88C8}
		{31B7E70C-B576-419D-BD00-35FE1BE55988} = {5A1D8EAB-7BB2-4B6F-BEC3-6FA2922D3373}
		{1D0489D2-9A7C-49A2-A9FA-22D6E717885A} = {8C154A91-B499-46E4-81B7-940969042642}
		{477EF230-B7B2-46A7-BCA6-AAF8A56849E7} = {8C154A91-B499-46E4-81B7-940969042642}
		{B7AF1D0B-F7B8-465A-B5F5-9A90FE97F60A} = {30BBAA0F-A984-4CA2-9B61-F1251E943A5E}
		{0C9DF516-C442-4616-B677-7FB72489329A} = {30BBAA0F-A984-4CA2-9B61-F1251E943A5E}
		{9E6BA995-D25E-424E-B0A0-482DB2978EC5} = {E0CA9BC7-E42B-49C4-BAE4-C669D88F3203}
	EndGlobalSection
	GlobalSection(ProjectConfigurationPlatforms) = postSolution
		{31B7E70C-B576-419D-BD00-35FE1BE55988}.Debug|Any CPU.ActiveCfg = Debug|Any CPU
		{31B7E70C-B576-419D-BD00-35FE1BE55988}.Debug|Any CPU.Build.0 = Debug|Any CPU
		{31B7E70C-B576-419D-BD00-35FE1BE55988}.Release|Any CPU.ActiveCfg = Release|Any CPU
		{31B7E70C-B576-419D-BD00-35FE1BE55988}.Release|Any CPU.Build.0 = Release|Any CPU
		{1D0489D2-9A7C-49A2-A9FA-22D6E717885A}.Debug|Any CPU.ActiveCfg = Debug|Any CPU
		{1D0489D2-9A7C-49A2-A9FA-22D6E717885A}.Debug|Any CPU.Build.0 = Debug|Any CPU
		{1D0489D2-9A7C-49A2-A9FA-22D6E717885A}.Release|Any CPU.ActiveCfg = Release|Any CPU
		{1D0489D2-9A7C-49A2-A9FA-22D6E717885A}.Release|Any CPU.Build.0 = Release|Any CPU
		{477EF230-B7B2-46A7-BCA6-AAF8A56849E7}.Debug|Any CPU.ActiveCfg = Debug|Any CPU
		{477EF230-B7B2-46A7-BCA6-AAF8A56849E7}.Debug|Any CPU.Build.0 = Debug|Any CPU
		{477EF230-B7B2-46A7-BCA6-AAF8A56849E7}.Release|Any CPU.ActiveCfg = Release|Any CPU
		{477EF230-B7B2-46A7-BCA6-AAF8A56849E7}.Release|Any CPU.Build.0 = Release|Any CPU
		{B7AF1D0B-F7B8-465A-B5F5-9A90FE97F60A}.Debug|Any CPU.ActiveCfg = Debug|Any CPU
		{B7AF1D0B-F7B8-465A-B5F5-9A90FE97F60A}.Debug|Any CPU.Build.0 = Debug|Any CPU
		{B7AF1D0B-F7B8-465A-B5F5-9A90FE97F60A}.Release|Any CPU.ActiveCfg = Release|Any CPU
		{B7AF1D0B-F7B8-465A-B5F5-9A90FE97F60A}.Release|Any CPU.Build.0 = Release|Any CPU
		{0C9DF516-C442-4616-B677-7FB72489329A}.Debug|Any CPU.ActiveCfg = Debug|Any CPU
		{0C9DF516-C442-4616-B677-7FB72489329A}.Debug|Any CPU.Build.0 = Debug|Any CPU
		{0C9DF516-C442-4616-B677-7FB72489329A}.Release|Any CPU.ActiveCfg = Release|Any CPU
		{0C9DF516-C442-4616-B677-7FB72489329A}.Release|Any CPU.Build.0 = Release|Any CPU
		{9E6BA995-D25E-424E-B0A0-482DB2978EC5}.Debug|Any CPU.ActiveCfg = Debug|Any CPU
		{9E6BA995-D25E-424E-B0A0-482DB2978EC5}.Debug|Any CPU.Build.0 = Debug|Any CPU
		{9E6BA995-D25E-424E-B0A0-482DB2978EC5}.Release|Any CPU.ActiveCfg = Release|Any CPU
		{9E6BA995-D25E-424E-B0A0-482DB2978EC5}.Release|Any CPU.Build.0 = Release|Any CPU
	EndGlobalSection
EndGlobal
